// !$*UTF8*$!
{
	archiveVersion = 1;
	classes = {
	};
	objectVersion = 46;
	objects = {

/* Begin PBXBuildFile section */
		744FF1EB1CE45EF0008F06BF /* main.m in Sources */ = {isa = PBXBuildFile; fileRef = 744FF1EA1CE45EF0008F06BF /* main.m */; };
		744FF1EE1CE45EF0008F06BF /* AppDelegate.m in Sources */ = {isa = PBXBuildFile; fileRef = 744FF1ED1CE45EF0008F06BF /* AppDelegate.m */; };
		744FF1F11CE45EF0008F06BF /* ViewController.m in Sources */ = {isa = PBXBuildFile; fileRef = 744FF1F01CE45EF0008F06BF /* ViewController.m */; };
		744FF1F41CE45EF0008F06BF /* Main.storyboard in Resources */ = {isa = PBXBuildFile; fileRef = 744FF1F21CE45EF0008F06BF /* Main.storyboard */; };
		744FF1F61CE45EF0008F06BF /* Assets.xcassets in Resources */ = {isa = PBXBuildFile; fileRef = 744FF1F51CE45EF0008F06BF /* Assets.xcassets */; };
		744FF1F91CE45EF0008F06BF /* LaunchScreen.storyboard in Resources */ = {isa = PBXBuildFile; fileRef = 744FF1F71CE45EF0008F06BF /* LaunchScreen.storyboard */; };
		74B08F801D6C3C6700856235 /* HTMLViewController.m in Sources */ = {isa = PBXBuildFile; fileRef = 74B08F7F1D6C3C6700856235 /* HTMLViewController.m */; };
		74BC9EAC1EAF726300937DE2 /* LMFormat.m in Sources */ = {isa = PBXBuildFile; fileRef = 74BC9E9A1EAF726300937DE2 /* LMFormat.m */; };
		74BC9EAD1EAF726300937DE2 /* LMFormatBullets.m in Sources */ = {isa = PBXBuildFile; fileRef = 74BC9E9C1EAF726300937DE2 /* LMFormatBullets.m */; };
		74BC9EAE1EAF726300937DE2 /* LMFormatCheckbox.m in Sources */ = {isa = PBXBuildFile; fileRef = 74BC9E9E1EAF726300937DE2 /* LMFormatCheckbox.m */; };
		74BC9EAF1EAF726300937DE2 /* LMFormatDashedLine.m in Sources */ = {isa = PBXBuildFile; fileRef = 74BC9EA01EAF726300937DE2 /* LMFormatDashedLine.m */; };
		74BC9EB01EAF726300937DE2 /* LMFormatManager.m in Sources */ = {isa = PBXBuildFile; fileRef = 74BC9EA21EAF726300937DE2 /* LMFormatManager.m */; };
		74BC9EB11EAF726300937DE2 /* LMFormatNormal.m in Sources */ = {isa = PBXBuildFile; fileRef = 74BC9EA41EAF726300937DE2 /* LMFormatNormal.m */; };
		74BC9EB21EAF726300937DE2 /* LMFormatNumber.m in Sources */ = {isa = PBXBuildFile; fileRef = 74BC9EA61EAF726300937DE2 /* LMFormatNumber.m */; };
		74BC9EB31EAF726300937DE2 /* LMFormatStyle.m in Sources */ = {isa = PBXBuildFile; fileRef = 74BC9EA81EAF726300937DE2 /* LMFormatStyle.m */; };
		74BC9EB41EAF726300937DE2 /* LMTextStyle.m in Sources */ = {isa = PBXBuildFile; fileRef = 74BC9EAB1EAF726300937DE2 /* LMTextStyle.m */; };
		74BC9EE21EAF72CB00937DE2 /* LMFontInputViewController.m in Sources */ = {isa = PBXBuildFile; fileRef = 74BC9ED41EAF72CB00937DE2 /* LMFontInputViewController.m */; };
		74BC9EE31EAF72CB00937DE2 /* LMFormatInputViewController.m in Sources */ = {isa = PBXBuildFile; fileRef = 74BC9ED71EAF72CB00937DE2 /* LMFormatInputViewController.m */; };
		74BC9EE41EAF72CB00937DE2 /* LMImageInputViewController.m in Sources */ = {isa = PBXBuildFile; fileRef = 74BC9EDA1EAF72CB00937DE2 /* LMImageInputViewController.m */; };
		74BC9EE51EAF72CB00937DE2 /* LMImagePreviewController.m in Sources */ = {isa = PBXBuildFile; fileRef = 74BC9EDC1EAF72CB00937DE2 /* LMImagePreviewController.m */; };
		74BC9EE61EAF72CB00937DE2 /* LMWord.storyboard in Resources */ = {isa = PBXBuildFile; fileRef = 74BC9EDD1EAF72CB00937DE2 /* LMWord.storyboard */; };
		74BC9EE71EAF72CB00937DE2 /* LMWordView.m in Sources */ = {isa = PBXBuildFile; fileRef = 74BC9EDF1EAF72CB00937DE2 /* LMWordView.m */; };
		74BC9EE81EAF72CB00937DE2 /* LMWordViewController.m in Sources */ = {isa = PBXBuildFile; fileRef = 74BC9EE11EAF72CB00937DE2 /* LMWordViewController.m */; };
		74BC9F0C1EAF731800937DE2 /* LMFontColorCell.m in Sources */ = {isa = PBXBuildFile; fileRef = 74BC9EFD1EAF731800937DE2 /* LMFontColorCell.m */; };
		74BC9F0D1EAF731800937DE2 /* LMFontFormatCell.m in Sources */ = {isa = PBXBuildFile; fileRef = 74BC9EFF1EAF731800937DE2 /* LMFontFormatCell.m */; };
		74BC9F0E1EAF731800937DE2 /* LMFontSizeCell.m in Sources */ = {isa = PBXBuildFile; fileRef = 74BC9F011EAF731800937DE2 /* LMFontSizeCell.m */; };
		74BC9F0F1EAF731800937DE2 /* LMFontStyleCell.m in Sources */ = {isa = PBXBuildFile; fileRef = 74BC9F031EAF731800937DE2 /* LMFontStyleCell.m */; };
		74BC9F101EAF731800937DE2 /* LMFormatCell.m in Sources */ = {isa = PBXBuildFile; fileRef = 74BC9F061EAF731800937DE2 /* LMFormatCell.m */; };
		74BC9F111EAF731800937DE2 /* LMPhotoCollectionCell.m in Sources */ = {isa = PBXBuildFile; fileRef = 74BC9F091EAF731800937DE2 /* LMPhotoCollectionCell.m */; };
		74BC9F121EAF731800937DE2 /* LMStyleParagraphCell.m in Sources */ = {isa = PBXBuildFile; fileRef = 74BC9F0B1EAF731800937DE2 /* LMStyleParagraphCell.m */; };
		74BC9F211EAF735600937DE2 /* NSTextAttachment+LMText.m in Sources */ = {isa = PBXBuildFile; fileRef = 74BC9F151EAF735600937DE2 /* NSTextAttachment+LMText.m */; };
		74BC9F221EAF735600937DE2 /* UIFont+LMText.m in Sources */ = {isa = PBXBuildFile; fileRef = 74BC9F171EAF735600937DE2 /* UIFont+LMText.m */; };
		74BC9F231EAF735600937DE2 /* LMColorPickerView.m in Sources */ = {isa = PBXBuildFile; fileRef = 74BC9F1A1EAF735600937DE2 /* LMColorPickerView.m */; };
		74BC9F241EAF735600937DE2 /* LMFontSizePickerView.m in Sources */ = {isa = PBXBuildFile; fileRef = 74BC9F1C1EAF735600937DE2 /* LMFontSizePickerView.m */; };
		74BC9F251EAF735600937DE2 /* LMSegmentedControl.m in Sources */ = {isa = PBXBuildFile; fileRef = 74BC9F1E1EAF735600937DE2 /* LMSegmentedControl.m */; };
		74BC9F261EAF735600937DE2 /* LMTextHTMLParser.m in Sources */ = {isa = PBXBuildFile; fileRef = 74BC9F201EAF735600937DE2 /* LMTextHTMLParser.m */; };
/* End PBXBuildFile section */

/* Begin PBXFileReference section */
		744FF1E61CE45EF0008F06BF /* SimpleWord.app */ = {isa = PBXFileReference; explicitFileType = wrapper.application; includeInIndex = 0; path = SimpleWord.app; sourceTree = BUILT_PRODUCTS_DIR; };
		744FF1EA1CE45EF0008F06BF /* main.m */ = {isa = PBXFileReference; lastKnownFileType = sourcecode.c.objc; path = main.m; sourceTree = "<group>"; };
		744FF1EC1CE45EF0008F06BF /* AppDelegate.h */ = {isa = PBXFileReference; lastKnownFileType = sourcecode.c.h; path = AppDelegate.h; sourceTree = "<group>"; };
		744FF1ED1CE45EF0008F06BF /* AppDelegate.m */ = {isa = PBXFileReference; lastKnownFileType = sourcecode.c.objc; path = AppDelegate.m; sourceTree = "<group>"; };
		744FF1EF1CE45EF0008F06BF /* ViewController.h */ = {isa = PBXFileReference; lastKnownFileType = sourcecode.c.h; path = ViewController.h; sourceTree = "<group>"; };
		744FF1F01CE45EF0008F06BF /* ViewController.m */ = {isa = PBXFileReference; lastKnownFileType = sourcecode.c.objc; path = ViewController.m; sourceTree = "<group>"; };
		744FF1F31CE45EF0008F06BF /* Base */ = {isa = PBXFileReference; lastKnownFileType = file.storyboard; name = Base; path = Base.lproj/Main.storyboard; sourceTree = "<group>"; };
		744FF1F51CE45EF0008F06BF /* Assets.xcassets */ = {isa = PBXFileReference; lastKnownFileType = folder.assetcatalog; path = Assets.xcassets; sourceTree = "<group>"; };
		744FF1F81CE45EF0008F06BF /* Base */ = {isa = PBXFileReference; lastKnownFileType = file.storyboard; name = Base; path = Base.lproj/LaunchScreen.storyboard; sourceTree = "<group>"; };
		744FF1FA1CE45EF0008F06BF /* Info.plist */ = {isa = PBXFileReference; lastKnownFileType = text.plist.xml; path = Info.plist; sourceTree = "<group>"; };
		74B08F7E1D6C3C6700856235 /* HTMLViewController.h */ = {isa = PBXFileReference; fileEncoding = 4; lastKnownFileType = sourcecode.c.h; path = HTMLViewController.h; sourceTree = "<group>"; };
		74B08F7F1D6C3C6700856235 /* HTMLViewController.m */ = {isa = PBXFileReference; fileEncoding = 4; lastKnownFileType = sourcecode.c.objc; path = HTMLViewController.m; sourceTree = "<group>"; };
		74BC9E991EAF726300937DE2 /* LMFormat.h */ = {isa = PBXFileReference; fileEncoding = 4; lastKnownFileType = sourcecode.c.h; path = LMFormat.h; sourceTree = "<group>"; };
		74BC9E9A1EAF726300937DE2 /* LMFormat.m */ = {isa = PBXFileReference; fileEncoding = 4; lastKnownFileType = sourcecode.c.objc; path = LMFormat.m; sourceTree = "<group>"; };
		74BC9E9B1EAF726300937DE2 /* LMFormatBullets.h */ = {isa = PBXFileReference; fileEncoding = 4; lastKnownFileType = sourcecode.c.h; path = LMFormatBullets.h; sourceTree = "<group>"; };
		74BC9E9C1EAF726300937DE2 /* LMFormatBullets.m */ = {isa = PBXFileReference; fileEncoding = 4; lastKnownFileType = sourcecode.c.objc; path = LMFormatBullets.m; sourceTree = "<group>"; };
		74BC9E9D1EAF726300937DE2 /* LMFormatCheckbox.h */ = {isa = PBXFileReference; fileEncoding = 4; lastKnownFileType = sourcecode.c.h; path = LMFormatCheckbox.h; sourceTree = "<group>"; };
		74BC9E9E1EAF726300937DE2 /* LMFormatCheckbox.m */ = {isa = PBXFileReference; fileEncoding = 4; lastKnownFileType = sourcecode.c.objc; path = LMFormatCheckbox.m; sourceTree = "<group>"; };
		74BC9E9F1EAF726300937DE2 /* LMFormatDashedLine.h */ = {isa = PBXFileReference; fileEncoding = 4; lastKnownFileType = sourcecode.c.h; path = LMFormatDashedLine.h; sourceTree = "<group>"; };
		74BC9EA01EAF726300937DE2 /* LMFormatDashedLine.m */ = {isa = PBXFileReference; fileEncoding = 4; lastKnownFileType = sourcecode.c.objc; path = LMFormatDashedLine.m; sourceTree = "<group>"; };
		74BC9EA11EAF726300937DE2 /* LMFormatManager.h */ = {isa = PBXFileReference; fileEncoding = 4; lastKnownFileType = sourcecode.c.h; path = LMFormatManager.h; sourceTree = "<group>"; };
		74BC9EA21EAF726300937DE2 /* LMFormatManager.m */ = {isa = PBXFileReference; fileEncoding = 4; lastKnownFileType = sourcecode.c.objc; path = LMFormatManager.m; sourceTree = "<group>"; };
		74BC9EA31EAF726300937DE2 /* LMFormatNormal.h */ = {isa = PBXFileReference; fileEncoding = 4; lastKnownFileType = sourcecode.c.h; path = LMFormatNormal.h; sourceTree = "<group>"; };
		74BC9EA41EAF726300937DE2 /* LMFormatNormal.m */ = {isa = PBXFileReference; fileEncoding = 4; lastKnownFileType = sourcecode.c.objc; path = LMFormatNormal.m; sourceTree = "<group>"; };
		74BC9EA51EAF726300937DE2 /* LMFormatNumber.h */ = {isa = PBXFileReference; fileEncoding = 4; lastKnownFileType = sourcecode.c.h; path = LMFormatNumber.h; sourceTree = "<group>"; };
		74BC9EA61EAF726300937DE2 /* LMFormatNumber.m */ = {isa = PBXFileReference; fileEncoding = 4; lastKnownFileType = sourcecode.c.objc; path = LMFormatNumber.m; sourceTree = "<group>"; };
		74BC9EA71EAF726300937DE2 /* LMFormatStyle.h */ = {isa = PBXFileReference; fileEncoding = 4; lastKnownFileType = sourcecode.c.h; path = LMFormatStyle.h; sourceTree = "<group>"; };
		74BC9EA81EAF726300937DE2 /* LMFormatStyle.m */ = {isa = PBXFileReference; fileEncoding = 4; lastKnownFileType = sourcecode.c.objc; path = LMFormatStyle.m; sourceTree = "<group>"; };
		74BC9EA91EAF726300937DE2 /* LMFormatType.h */ = {isa = PBXFileReference; fileEncoding = 4; lastKnownFileType = sourcecode.c.h; path = LMFormatType.h; sourceTree = "<group>"; };
		74BC9EAA1EAF726300937DE2 /* LMTextStyle.h */ = {isa = PBXFileReference; fileEncoding = 4; lastKnownFileType = sourcecode.c.h; path = LMTextStyle.h; sourceTree = "<group>"; };
		74BC9EAB1EAF726300937DE2 /* LMTextStyle.m */ = {isa = PBXFileReference; fileEncoding = 4; lastKnownFileType = sourcecode.c.objc; path = LMTextStyle.m; sourceTree = "<group>"; };
		74BC9ED31EAF72CB00937DE2 /* LMFontInputViewController.h */ = {isa = PBXFileReference; fileEncoding = 4; lastKnownFileType = sourcecode.c.h; path = LMFontInputViewController.h; sourceTree = "<group>"; };
		74BC9ED41EAF72CB00937DE2 /* LMFontInputViewController.m */ = {isa = PBXFileReference; fileEncoding = 4; lastKnownFileType = sourcecode.c.objc; path = LMFontInputViewController.m; sourceTree = "<group>"; };
		74BC9ED61EAF72CB00937DE2 /* LMFormatInputViewController.h */ = {isa = PBXFileReference; fileEncoding = 4; lastKnownFileType = sourcecode.c.h; path = LMFormatInputViewController.h; sourceTree = "<group>"; };
		74BC9ED71EAF72CB00937DE2 /* LMFormatInputViewController.m */ = {isa = PBXFileReference; fileEncoding = 4; lastKnownFileType = sourcecode.c.objc; path = LMFormatInputViewController.m; sourceTree = "<group>"; };
		74BC9ED91EAF72CB00937DE2 /* LMImageInputViewController.h */ = {isa = PBXFileReference; fileEncoding = 4; lastKnownFileType = sourcecode.c.h; path = LMImageInputViewController.h; sourceTree = "<group>"; };
		74BC9EDA1EAF72CB00937DE2 /* LMImageInputViewController.m */ = {isa = PBXFileReference; fileEncoding = 4; lastKnownFileType = sourcecode.c.objc; path = LMImageInputViewController.m; sourceTree = "<group>"; };
		74BC9EDB1EAF72CB00937DE2 /* LMImagePreviewController.h */ = {isa = PBXFileReference; fileEncoding = 4; lastKnownFileType = sourcecode.c.h; path = LMImagePreviewController.h; sourceTree = "<group>"; };
		74BC9EDC1EAF72CB00937DE2 /* LMImagePreviewController.m */ = {isa = PBXFileReference; fileEncoding = 4; lastKnownFileType = sourcecode.c.objc; path = LMImagePreviewController.m; sourceTree = "<group>"; };
		74BC9EDD1EAF72CB00937DE2 /* LMWord.storyboard */ = {isa = PBXFileReference; fileEncoding = 4; lastKnownFileType = file.storyboard; path = LMWord.storyboard; sourceTree = "<group>"; };
		74BC9EDE1EAF72CB00937DE2 /* LMWordView.h */ = {isa = PBXFileReference; fileEncoding = 4; lastKnownFileType = sourcecode.c.h; path = LMWordView.h; sourceTree = "<group>"; };
		74BC9EDF1EAF72CB00937DE2 /* LMWordView.m */ = {isa = PBXFileReference; fileEncoding = 4; lastKnownFileType = sourcecode.c.objc; path = LMWordView.m; sourceTree = "<group>"; };
		74BC9EE01EAF72CB00937DE2 /* LMWordViewController.h */ = {isa = PBXFileReference; fileEncoding = 4; lastKnownFileType = sourcecode.c.h; path = LMWordViewController.h; sourceTree = "<group>"; };
		74BC9EE11EAF72CB00937DE2 /* LMWordViewController.m */ = {isa = PBXFileReference; fileEncoding = 4; lastKnownFileType = sourcecode.c.objc; path = LMWordViewController.m; sourceTree = "<group>"; };
		74BC9EFC1EAF731800937DE2 /* LMFontColorCell.h */ = {isa = PBXFileReference; fileEncoding = 4; lastKnownFileType = sourcecode.c.h; path = LMFontColorCell.h; sourceTree = "<group>"; };
		74BC9EFD1EAF731800937DE2 /* LMFontColorCell.m */ = {isa = PBXFileReference; fileEncoding = 4; lastKnownFileType = sourcecode.c.objc; path = LMFontColorCell.m; sourceTree = "<group>"; };
		74BC9EFE1EAF731800937DE2 /* LMFontFormatCell.h */ = {isa = PBXFileReference; fileEncoding = 4; lastKnownFileType = sourcecode.c.h; path = LMFontFormatCell.h; sourceTree = "<group>"; };
		74BC9EFF1EAF731800937DE2 /* LMFontFormatCell.m */ = {isa = PBXFileReference; fileEncoding = 4; lastKnownFileType = sourcecode.c.objc; path = LMFontFormatCell.m; sourceTree = "<group>"; };
		74BC9F001EAF731800937DE2 /* LMFontSizeCell.h */ = {isa = PBXFileReference; fileEncoding = 4; lastKnownFileType = sourcecode.c.h; path = LMFontSizeCell.h; sourceTree = "<group>"; };
		74BC9F011EAF731800937DE2 /* LMFontSizeCell.m */ = {isa = PBXFileReference; fileEncoding = 4; lastKnownFileType = sourcecode.c.objc; path = LMFontSizeCell.m; sourceTree = "<group>"; };
		74BC9F021EAF731800937DE2 /* LMFontStyleCell.h */ = {isa = PBXFileReference; fileEncoding = 4; lastKnownFileType = sourcecode.c.h; path = LMFontStyleCell.h; sourceTree = "<group>"; };
		74BC9F031EAF731800937DE2 /* LMFontStyleCell.m */ = {isa = PBXFileReference; fileEncoding = 4; lastKnownFileType = sourcecode.c.objc; path = LMFontStyleCell.m; sourceTree = "<group>"; };
		74BC9F051EAF731800937DE2 /* LMFormatCell.h */ = {isa = PBXFileReference; fileEncoding = 4; lastKnownFileType = sourcecode.c.h; path = LMFormatCell.h; sourceTree = "<group>"; };
		74BC9F061EAF731800937DE2 /* LMFormatCell.m */ = {isa = PBXFileReference; fileEncoding = 4; lastKnownFileType = sourcecode.c.objc; path = LMFormatCell.m; sourceTree = "<group>"; };
		74BC9F071EAF731800937DE2 /* LMFontSettings.h */ = {isa = PBXFileReference; fileEncoding = 4; lastKnownFileType = sourcecode.c.h; path = LMFontSettings.h; sourceTree = "<group>"; };
		74BC9F081EAF731800937DE2 /* LMPhotoCollectionCell.h */ = {isa = PBXFileReference; fileEncoding = 4; lastKnownFileType = sourcecode.c.h; path = LMPhotoCollectionCell.h; sourceTree = "<group>"; };
		74BC9F091EAF731800937DE2 /* LMPhotoCollectionCell.m */ = {isa = PBXFileReference; fileEncoding = 4; lastKnownFileType = sourcecode.c.objc; path = LMPhotoCollectionCell.m; sourceTree = "<group>"; };
		74BC9F0A1EAF731800937DE2 /* LMStyleParagraphCell.h */ = {isa = PBXFileReference; fileEncoding = 4; lastKnownFileType = sourcecode.c.h; path = LMStyleParagraphCell.h; sourceTree = "<group>"; };
		74BC9F0B1EAF731800937DE2 /* LMStyleParagraphCell.m */ = {isa = PBXFileReference; fileEncoding = 4; lastKnownFileType = sourcecode.c.objc; path = LMStyleParagraphCell.m; sourceTree = "<group>"; };
		74BC9F141EAF735600937DE2 /* NSTextAttachment+LMText.h */ = {isa = PBXFileReference; fileEncoding = 4; lastKnownFileType = sourcecode.c.h; path = "NSTextAttachment+LMText.h"; sourceTree = "<group>"; };
		74BC9F151EAF735600937DE2 /* NSTextAttachment+LMText.m */ = {isa = PBXFileReference; fileEncoding = 4; lastKnownFileType = sourcecode.c.objc; path = "NSTextAttachment+LMText.m"; sourceTree = "<group>"; };
		74BC9F161EAF735600937DE2 /* UIFont+LMText.h */ = {isa = PBXFileReference; fileEncoding = 4; lastKnownFileType = sourcecode.c.h; path = "UIFont+LMText.h"; sourceTree = "<group>"; };
		74BC9F171EAF735600937DE2 /* UIFont+LMText.m */ = {isa = PBXFileReference; fileEncoding = 4; lastKnownFileType = sourcecode.c.objc; path = "UIFont+LMText.m"; sourceTree = "<group>"; };
		74BC9F191EAF735600937DE2 /* LMColorPickerView.h */ = {isa = PBXFileReference; fileEncoding = 4; lastKnownFileType = sourcecode.c.h; path = LMColorPickerView.h; sourceTree = "<group>"; };
		74BC9F1A1EAF735600937DE2 /* LMColorPickerView.m */ = {isa = PBXFileReference; fileEncoding = 4; lastKnownFileType = sourcecode.c.objc; path = LMColorPickerView.m; sourceTree = "<group>"; };
		74BC9F1B1EAF735600937DE2 /* LMFontSizePickerView.h */ = {isa = PBXFileReference; fileEncoding = 4; lastKnownFileType = sourcecode.c.h; path = LMFontSizePickerView.h; sourceTree = "<group>"; };
		74BC9F1C1EAF735600937DE2 /* LMFontSizePickerView.m */ = {isa = PBXFileReference; fileEncoding = 4; lastKnownFileType = sourcecode.c.objc; path = LMFontSizePickerView.m; sourceTree = "<group>"; };
		74BC9F1D1EAF735600937DE2 /* LMSegmentedControl.h */ = {isa = PBXFileReference; fileEncoding = 4; lastKnownFileType = sourcecode.c.h; path = LMSegmentedControl.h; sourceTree = "<group>"; };
		74BC9F1E1EAF735600937DE2 /* LMSegmentedControl.m */ = {isa = PBXFileReference; fileEncoding = 4; lastKnownFileType = sourcecode.c.objc; path = LMSegmentedControl.m; sourceTree = "<group>"; };
		74BC9F1F1EAF735600937DE2 /* LMTextHTMLParser.h */ = {isa = PBXFileReference; fileEncoding = 4; lastKnownFileType = sourcecode.c.h; path = LMTextHTMLParser.h; sourceTree = "<group>"; };
		74BC9F201EAF735600937DE2 /* LMTextHTMLParser.m */ = {isa = PBXFileReference; fileEncoding = 4; lastKnownFileType = sourcecode.c.objc; path = LMTextHTMLParser.m; sourceTree = "<group>"; };
/* End PBXFileReference section */

/* Begin PBXFrameworksBuildPhase section */
		744FF1E31CE45EF0008F06BF /* Frameworks */ = {
			isa = PBXFrameworksBuildPhase;
			buildActionMask = 2147483647;
			files = (
			);
			runOnlyForDeploymentPostprocessing = 0;
		};
/* End PBXFrameworksBuildPhase section */

/* Begin PBXGroup section */
		742D7ECA1E0394E000EA436F /* Frameworks */ = {
			isa = PBXGroup;
			children = (
			);
			name = Frameworks;
			sourceTree = "<group>";
		};
		744FF1DD1CE45EF0008F06BF = {
			isa = PBXGroup;
			children = (
				744FF1E81CE45EF0008F06BF /* SimpleWord */,
				742D7ECA1E0394E000EA436F /* Frameworks */,
				744FF1E71CE45EF0008F06BF /* Products */,
			);
			sourceTree = "<group>";
		};
		744FF1E71CE45EF0008F06BF /* Products */ = {
			isa = PBXGroup;
			children = (
				744FF1E61CE45EF0008F06BF /* SimpleWord.app */,
			);
			name = Products;
			sourceTree = "<group>";
		};
		744FF1E81CE45EF0008F06BF /* SimpleWord */ = {
			isa = PBXGroup;
			children = (
				744FF2031CE45F1B008F06BF /* LMWordView */,
				744FF1EF1CE45EF0008F06BF /* ViewController.h */,
				744FF1F01CE45EF0008F06BF /* ViewController.m */,
				74B08F7E1D6C3C6700856235 /* HTMLViewController.h */,
				74B08F7F1D6C3C6700856235 /* HTMLViewController.m */,
				744FF1E91CE45EF0008F06BF /* Supporting Files */,
			);
			path = SimpleWord;
			sourceTree = "<group>";
		};
		744FF1E91CE45EF0008F06BF /* Supporting Files */ = {
			isa = PBXGroup;
			children = (
				744FF1F21CE45EF0008F06BF /* Main.storyboard */,
				744FF1F51CE45EF0008F06BF /* Assets.xcassets */,
				744FF1F71CE45EF0008F06BF /* LaunchScreen.storyboard */,
				744FF1FA1CE45EF0008F06BF /* Info.plist */,
				744FF1EC1CE45EF0008F06BF /* AppDelegate.h */,
				744FF1ED1CE45EF0008F06BF /* AppDelegate.m */,
				744FF1EA1CE45EF0008F06BF /* main.m */,
			);
			name = "Supporting Files";
			sourceTree = "<group>";
		};
		744FF2031CE45F1B008F06BF /* LMWordView */ = {
			isa = PBXGroup;
			children = (
				74BC9E971EAF726300937DE2 /* Models */,
				74BC9ED01EAF72CB00937DE2 /* Views */,
				74BC9EFA1EAF731800937DE2 /* Cells */,
				74BC9F131EAF735600937DE2 /* Categories */,
				74BC9F181EAF735600937DE2 /* Util */,
			);
			name = LMWordView;
			sourceTree = "<group>";
		};
		74BC9E971EAF726300937DE2 /* Models */ = {
			isa = PBXGroup;
			children = (
				74BC9E981EAF726300937DE2 /* Format */,
				74BC9EAA1EAF726300937DE2 /* LMTextStyle.h */,
				74BC9EAB1EAF726300937DE2 /* LMTextStyle.m */,
			);
			path = Models;
			sourceTree = "<group>";
		};
		74BC9E981EAF726300937DE2 /* Format */ = {
			isa = PBXGroup;
			children = (
				74BC9E991EAF726300937DE2 /* LMFormat.h */,
				74BC9E9A1EAF726300937DE2 /* LMFormat.m */,
				74BC9E9B1EAF726300937DE2 /* LMFormatBullets.h */,
				74BC9E9C1EAF726300937DE2 /* LMFormatBullets.m */,
				74BC9E9D1EAF726300937DE2 /* LMFormatCheckbox.h */,
				74BC9E9E1EAF726300937DE2 /* LMFormatCheckbox.m */,
				74BC9E9F1EAF726300937DE2 /* LMFormatDashedLine.h */,
				74BC9EA01EAF726300937DE2 /* LMFormatDashedLine.m */,
				74BC9EA11EAF726300937DE2 /* LMFormatManager.h */,
				74BC9EA21EAF726300937DE2 /* LMFormatManager.m */,
				74BC9EA31EAF726300937DE2 /* LMFormatNormal.h */,
				74BC9EA41EAF726300937DE2 /* LMFormatNormal.m */,
				74BC9EA51EAF726300937DE2 /* LMFormatNumber.h */,
				74BC9EA61EAF726300937DE2 /* LMFormatNumber.m */,
				74BC9EA71EAF726300937DE2 /* LMFormatStyle.h */,
				74BC9EA81EAF726300937DE2 /* LMFormatStyle.m */,
				74BC9EA91EAF726300937DE2 /* LMFormatType.h */,
			);
			path = Format;
			sourceTree = "<group>";
		};
		74BC9ED01EAF72CB00937DE2 /* Views */ = {
			isa = PBXGroup;
			children = (
				74BC9EDD1EAF72CB00937DE2 /* LMWord.storyboard */,
				74BC9EDE1EAF72CB00937DE2 /* LMWordView.h */,
				74BC9EDF1EAF72CB00937DE2 /* LMWordView.m */,
				74BC9EE01EAF72CB00937DE2 /* LMWordViewController.h */,
				74BC9EE11EAF72CB00937DE2 /* LMWordViewController.m */,
				74BC9ED11EAF72CB00937DE2 /* InputViews */,
			);
			path = Views;
			sourceTree = "<group>";
		};
		74BC9ED11EAF72CB00937DE2 /* InputViews */ = {
			isa = PBXGroup;
			children = (
				74BC9ED21EAF72CB00937DE2 /* Font */,
				74BC9ED51EAF72CB00937DE2 /* Format */,
				74BC9ED81EAF72CB00937DE2 /* Image */,
			);
			path = InputViews;
			sourceTree = "<group>";
		};
		74BC9ED21EAF72CB00937DE2 /* Font */ = {
			isa = PBXGroup;
			children = (
				74BC9ED31EAF72CB00937DE2 /* LMFontInputViewController.h */,
				74BC9ED41EAF72CB00937DE2 /* LMFontInputViewController.m */,
			);
			path = Font;
			sourceTree = "<group>";
		};
		74BC9ED51EAF72CB00937DE2 /* Format */ = {
			isa = PBXGroup;
			children = (
				74BC9ED61EAF72CB00937DE2 /* LMFormatInputViewController.h */,
				74BC9ED71EAF72CB00937DE2 /* LMFormatInputViewController.m */,
			);
			path = Format;
			sourceTree = "<group>";
		};
		74BC9ED81EAF72CB00937DE2 /* Image */ = {
			isa = PBXGroup;
			children = (
				74BC9ED91EAF72CB00937DE2 /* LMImageInputViewController.h */,
				74BC9EDA1EAF72CB00937DE2 /* LMImageInputViewController.m */,
				74BC9EDB1EAF72CB00937DE2 /* LMImagePreviewController.h */,
				74BC9EDC1EAF72CB00937DE2 /* LMImagePreviewController.m */,
			);
			path = Image;
			sourceTree = "<group>";
		};
		74BC9EFA1EAF731800937DE2 /* Cells */ = {
			isa = PBXGroup;
			children = (
				74BC9F071EAF731800937DE2 /* LMFontSettings.h */,
				74BC9F081EAF731800937DE2 /* LMPhotoCollectionCell.h */,
				74BC9F091EAF731800937DE2 /* LMPhotoCollectionCell.m */,
				74BC9F0A1EAF731800937DE2 /* LMStyleParagraphCell.h */,
				74BC9F0B1EAF731800937DE2 /* LMStyleParagraphCell.m */,
				74BC9EFB1EAF731800937DE2 /* Font */,
				74BC9F041EAF731800937DE2 /* Format */,
			);
			path = Cells;
			sourceTree = "<group>";
		};
		74BC9EFB1EAF731800937DE2 /* Font */ = {
			isa = PBXGroup;
			children = (
				74BC9EFC1EAF731800937DE2 /* LMFontColorCell.h */,
				74BC9EFD1EAF731800937DE2 /* LMFontColorCell.m */,
				74BC9EFE1EAF731800937DE2 /* LMFontFormatCell.h */,
				74BC9EFF1EAF731800937DE2 /* LMFontFormatCell.m */,
				74BC9F001EAF731800937DE2 /* LMFontSizeCell.h */,
				74BC9F011EAF731800937DE2 /* LMFontSizeCell.m */,
				74BC9F021EAF731800937DE2 /* LMFontStyleCell.h */,
				74BC9F031EAF731800937DE2 /* LMFontStyleCell.m */,
			);
			path = Font;
			sourceTree = "<group>";
		};
		74BC9F041EAF731800937DE2 /* Format */ = {
			isa = PBXGroup;
			children = (
				74BC9F051EAF731800937DE2 /* LMFormatCell.h */,
				74BC9F061EAF731800937DE2 /* LMFormatCell.m */,
			);
			path = Format;
			sourceTree = "<group>";
		};
		74BC9F131EAF735600937DE2 /* Categories */ = {
			isa = PBXGroup;
			children = (
				74BC9F141EAF735600937DE2 /* NSTextAttachment+LMText.h */,
				74BC9F151EAF735600937DE2 /* NSTextAttachment+LMText.m */,
				74BC9F161EAF735600937DE2 /* UIFont+LMText.h */,
				74BC9F171EAF735600937DE2 /* UIFont+LMText.m */,
			);
			path = Categories;
			sourceTree = "<group>";
		};
		74BC9F181EAF735600937DE2 /* Util */ = {
			isa = PBXGroup;
			children = (
				74BC9F191EAF735600937DE2 /* LMColorPickerView.h */,
				74BC9F1A1EAF735600937DE2 /* LMColorPickerView.m */,
				74BC9F1B1EAF735600937DE2 /* LMFontSizePickerView.h */,
				74BC9F1C1EAF735600937DE2 /* LMFontSizePickerView.m */,
				74BC9F1D1EAF735600937DE2 /* LMSegmentedControl.h */,
				74BC9F1E1EAF735600937DE2 /* LMSegmentedControl.m */,
				74BC9F1F1EAF735600937DE2 /* LMTextHTMLParser.h */,
				74BC9F201EAF735600937DE2 /* LMTextHTMLParser.m */,
			);
			path = Util;
			sourceTree = "<group>";
		};
/* End PBXGroup section */

/* Begin PBXNativeTarget section */
		744FF1E51CE45EF0008F06BF /* SimpleWord */ = {
			isa = PBXNativeTarget;
			buildConfigurationList = 744FF1FD1CE45EF0008F06BF /* Build configuration list for PBXNativeTarget "SimpleWord" */;
			buildPhases = (
				744FF1E21CE45EF0008F06BF /* Sources */,
				744FF1E31CE45EF0008F06BF /* Frameworks */,
				744FF1E41CE45EF0008F06BF /* Resources */,
			);
			buildRules = (
			);
			dependencies = (
			);
			name = SimpleWord;
			productName = SimpleWord;
			productReference = 744FF1E61CE45EF0008F06BF /* SimpleWord.app */;
			productType = "com.apple.product-type.application";
		};
/* End PBXNativeTarget section */

/* Begin PBXProject section */
		744FF1DE1CE45EF0008F06BF /* Project object */ = {
			isa = PBXProject;
			attributes = {
				LastUpgradeCheck = 0810;
				ORGANIZATIONNAME = "Little Meaning";
				TargetAttributes = {
					744FF1E51CE45EF0008F06BF = {
						CreatedOnToolsVersion = 7.3.1;
						DevelopmentTeam = 28G5Y8M7P8;
						ProvisioningStyle = Automatic;
					};
				};
			};
			buildConfigurationList = 744FF1E11CE45EF0008F06BF /* Build configuration list for PBXProject "SimpleWord" */;
			compatibilityVersion = "Xcode 3.2";
			developmentRegion = English;
			hasScannedForEncodings = 0;
			knownRegions = (
				en,
				Base,
			);
			mainGroup = 744FF1DD1CE45EF0008F06BF;
			productRefGroup = 744FF1E71CE45EF0008F06BF /* Products */;
			projectDirPath = "";
			projectRoot = "";
			targets = (
				744FF1E51CE45EF0008F06BF /* SimpleWord */,
			);
		};
/* End PBXProject section */

/* Begin PBXResourcesBuildPhase section */
		744FF1E41CE45EF0008F06BF /* Resources */ = {
			isa = PBXResourcesBuildPhase;
			buildActionMask = 2147483647;
			files = (
				744FF1F91CE45EF0008F06BF /* LaunchScreen.storyboard in Resources */,
				744FF1F61CE45EF0008F06BF /* Assets.xcassets in Resources */,
				74BC9EE61EAF72CB00937DE2 /* LMWord.storyboard in Resources */,
				744FF1F41CE45EF0008F06BF /* Main.storyboard in Resources */,
			);
			runOnlyForDeploymentPostprocessing = 0;
		};
/* End PBXResourcesBuildPhase section */

/* Begin PBXSourcesBuildPhase section */
		744FF1E21CE45EF0008F06BF /* Sources */ = {
			isa = PBXSourcesBuildPhase;
			buildActionMask = 2147483647;
			files = (
				74BC9F0D1EAF731800937DE2 /* LMFontFormatCell.m in Sources */,
				74BC9F101EAF731800937DE2 /* LMFormatCell.m in Sources */,
				74BC9F121EAF731800937DE2 /* LMStyleParagraphCell.m in Sources */,
				74BC9EB21EAF726300937DE2 /* LMFormatNumber.m in Sources */,
				74BC9EB31EAF726300937DE2 /* LMFormatStyle.m in Sources */,
				744FF1F11CE45EF0008F06BF /* ViewController.m in Sources */,
				74BC9F221EAF735600937DE2 /* UIFont+LMText.m in Sources */,
				74BC9EB41EAF726300937DE2 /* LMTextStyle.m in Sources */,
				74BC9F0C1EAF731800937DE2 /* LMFontColorCell.m in Sources */,
				74BC9F241EAF735600937DE2 /* LMFontSizePickerView.m in Sources */,
				74BC9F0E1EAF731800937DE2 /* LMFontSizeCell.m in Sources */,
				74BC9EE81EAF72CB00937DE2 /* LMWordViewController.m in Sources */,
				74BC9F211EAF735600937DE2 /* NSTextAttachment+LMText.m in Sources */,
				74BC9F111EAF731800937DE2 /* LMPhotoCollectionCell.m in Sources */,
				74BC9EE41EAF72CB00937DE2 /* LMImageInputViewController.m in Sources */,
				74BC9F0F1EAF731800937DE2 /* LMFontStyleCell.m in Sources */,
				74B08F801D6C3C6700856235 /* HTMLViewController.m in Sources */,
				74BC9EE71EAF72CB00937DE2 /* LMWordView.m in Sources */,
				744FF1EE1CE45EF0008F06BF /* AppDelegate.m in Sources */,
				74BC9F251EAF735600937DE2 /* LMSegmentedControl.m in Sources */,
				74BC9EAE1EAF726300937DE2 /* LMFormatCheckbox.m in Sources */,
				74BC9F231EAF735600937DE2 /* LMColorPickerView.m in Sources */,
				74BC9EE51EAF72CB00937DE2 /* LMImagePreviewController.m in Sources */,
				74BC9EE31EAF72CB00937DE2 /* LMFormatInputViewController.m in Sources */,
				744FF1EB1CE45EF0008F06BF /* main.m in Sources */,
				74BC9EB01EAF726300937DE2 /* LMFormatManager.m in Sources */,
				74BC9EAF1EAF726300937DE2 /* LMFormatDashedLine.m in Sources */,
				74BC9EB11EAF726300937DE2 /* LMFormatNormal.m in Sources */,
				74BC9EAD1EAF726300937DE2 /* LMFormatBullets.m in Sources */,
				74BC9F261EAF735600937DE2 /* LMTextHTMLParser.m in Sources */,
				74BC9EE21EAF72CB00937DE2 /* LMFontInputViewController.m in Sources */,
				74BC9EAC1EAF726300937DE2 /* LMFormat.m in Sources */,
			);
			runOnlyForDeploymentPostprocessing = 0;
		};
/* End PBXSourcesBuildPhase section */

/* Begin PBXVariantGroup section */
		744FF1F21CE45EF0008F06BF /* Main.storyboard */ = {
			isa = PBXVariantGroup;
			children = (
				744FF1F31CE45EF0008F06BF /* Base */,
			);
			name = Main.storyboard;
			sourceTree = "<group>";
		};
		744FF1F71CE45EF0008F06BF /* LaunchScreen.storyboard */ = {
			isa = PBXVariantGroup;
			children = (
				744FF1F81CE45EF0008F06BF /* Base */,
			);
			name = LaunchScreen.storyboard;
			sourceTree = "<group>";
		};
/* End PBXVariantGroup section */

/* Begin XCBuildConfiguration section */
		744FF1FB1CE45EF0008F06BF /* Debug */ = {
			isa = XCBuildConfiguration;
			buildSettings = {
				ALWAYS_SEARCH_USER_PATHS = NO;
				CLANG_ANALYZER_NONNULL = YES;
				CLANG_CXX_LANGUAGE_STANDARD = "gnu++0x";
				CLANG_CXX_LIBRARY = "libc++";
				CLANG_ENABLE_MODULES = YES;
				CLANG_ENABLE_OBJC_ARC = YES;
				CLANG_WARN_BOOL_CONVERSION = YES;
				CLANG_WARN_CONSTANT_CONVERSION = YES;
				CLANG_WARN_DIRECT_OBJC_ISA_USAGE = YES_ERROR;
				CLANG_WARN_EMPTY_BODY = YES;
				CLANG_WARN_ENUM_CONVERSION = YES;
				CLANG_WARN_INFINITE_RECURSION = YES;
				CLANG_WARN_INT_CONVERSION = YES;
				CLANG_WARN_OBJC_ROOT_CLASS = YES_ERROR;
				CLANG_WARN_SUSPICIOUS_MOVE = YES;
				CLANG_WARN_UNREACHABLE_CODE = YES;
				CLANG_WARN__DUPLICATE_METHOD_MATCH = YES;
				"CODE_SIGN_IDENTITY[sdk=iphoneos*]" = "iPhone Developer";
				COPY_PHASE_STRIP = NO;
				DEBUG_INFORMATION_FORMAT = dwarf;
				ENABLE_STRICT_OBJC_MSGSEND = YES;
				ENABLE_TESTABILITY = YES;
				GCC_C_LANGUAGE_STANDARD = gnu99;
				GCC_DYNAMIC_NO_PIC = NO;
				GCC_NO_COMMON_BLOCKS = YES;
				GCC_OPTIMIZATION_LEVEL = 0;
				GCC_PREPROCESSOR_DEFINITIONS = (
					"DEBUG=1",
					"$(inherited)",
				);
				GCC_WARN_64_TO_32_BIT_CONVERSION = YES;
				GCC_WARN_ABOUT_RETURN_TYPE = YES_ERROR;
				GCC_WARN_UNDECLARED_SELECTOR = YES;
				GCC_WARN_UNINITIALIZED_AUTOS = YES_AGGRESSIVE;
				GCC_WARN_UNUSED_FUNCTION = YES;
				GCC_WARN_UNUSED_VARIABLE = YES;
				IPHONEOS_DEPLOYMENT_TARGET = 9.3;
				MTL_ENABLE_DEBUG_INFO = YES;
				ONLY_ACTIVE_ARCH = YES;
				SDKROOT = iphoneos;
				TARGETED_DEVICE_FAMILY = "1,2";
			};
			name = Debug;
		};
		744FF1FC1CE45EF0008F06BF /* Release */ = {
			isa = XCBuildConfiguration;
			buildSettings = {
				ALWAYS_SEARCH_USER_PATHS = NO;
				CLANG_ANALYZER_NONNULL = YES;
				CLANG_CXX_LANGUAGE_STANDARD = "gnu++0x";
				CLANG_CXX_LIBRARY = "libc++";
				CLANG_ENABLE_MODULES = YES;
				CLANG_ENABLE_OBJC_ARC = YES;
				CLANG_WARN_BOOL_CONVERSION = YES;
				CLANG_WARN_CONSTANT_CONVERSION = YES;
				CLANG_WARN_DIRECT_OBJC_ISA_USAGE = YES_ERROR;
				CLANG_WARN_EMPTY_BODY = YES;
				CLANG_WARN_ENUM_CONVERSION = YES;
				CLANG_WARN_INFINITE_RECURSION = YES;
				CLANG_WARN_INT_CONVERSION = YES;
				CLANG_WARN_OBJC_ROOT_CLASS = YES_ERROR;
				CLANG_WARN_SUSPICIOUS_MOVE = YES;
				CLANG_WARN_UNREACHABLE_CODE = YES;
				CLANG_WARN__DUPLICATE_METHOD_MATCH = YES;
				"CODE_SIGN_IDENTITY[sdk=iphoneos*]" = "iPhone Developer";
				COPY_PHASE_STRIP = NO;
				DEBUG_INFORMATION_FORMAT = "dwarf-with-dsym";
				ENABLE_NS_ASSERTIONS = NO;
				ENABLE_STRICT_OBJC_MSGSEND = YES;
				GCC_C_LANGUAGE_STANDARD = gnu99;
				GCC_NO_COMMON_BLOCKS = YES;
				GCC_WARN_64_TO_32_BIT_CONVERSION = YES;
				GCC_WARN_ABOUT_RETURN_TYPE = YES_ERROR;
				GCC_WARN_UNDECLARED_SELECTOR = YES;
				GCC_WARN_UNINITIALIZED_AUTOS = YES_AGGRESSIVE;
				GCC_WARN_UNUSED_FUNCTION = YES;
				GCC_WARN_UNUSED_VARIABLE = YES;
				IPHONEOS_DEPLOYMENT_TARGET = 9.3;
				MTL_ENABLE_DEBUG_INFO = NO;
				SDKROOT = iphoneos;
				TARGETED_DEVICE_FAMILY = "1,2";
				VALIDATE_PRODUCT = YES;
			};
			name = Release;
		};
		744FF1FE1CE45EF0008F06BF /* Debug */ = {
			isa = XCBuildConfiguration;
			buildSettings = {
				ASSETCATALOG_COMPILER_APPICON_NAME = AppIcon;
				"CODE_SIGN_IDENTITY[sdk=iphoneos*]" = "iPhone Developer";
				DEVELOPMENT_TEAM = 28G5Y8M7P8;
				INFOPLIST_FILE = SimpleWord/Info.plist;
				IPHONEOS_DEPLOYMENT_TARGET = 8.0;
				LD_RUNPATH_SEARCH_PATHS = "$(inherited) @executable_path/Frameworks";
				PRODUCT_BUNDLE_IDENTIFIER = com.lm.SimpleWord;
				PRODUCT_NAME = "$(TARGET_NAME)";
				TARGETED_DEVICE_FAMILY = 1;
			};
			name = Debug;
		};
		744FF1FF1CE45EF0008F06BF /* Release */ = {
			isa = XCBuildConfiguration;
			buildSettings = {
				ASSETCATALOG_COMPILER_APPICON_NAME = AppIcon;
				"CODE_SIGN_IDENTITY[sdk=iphoneos*]" = "iPhone Developer";
				DEVELOPMENT_TEAM = 28G5Y8M7P8;
				INFOPLIST_FILE = SimpleWord/Info.plist;
				IPHONEOS_DEPLOYMENT_TARGET = 8.0;
				LD_RUNPATH_SEARCH_PATHS = "$(inherited) @executable_path/Frameworks";
				PRODUCT_BUNDLE_IDENTIFIER = com.lm.SimpleWord;
				PRODUCT_NAME = "$(TARGET_NAME)";
				TARGETED_DEVICE_FAMILY = 1;
			};
			name = Release;
		};
/* End XCBuildConfiguration section */

/* Begin XCConfigurationList section */
		744FF1E11CE45EF0008F06BF /* Build configuration list for PBXProject "SimpleWord" */ = {
			isa = XCConfigurationList;
			buildConfigurations = (
				744FF1FB1CE45EF0008F06BF /* Debug */,
				744FF1FC1CE45EF0008F06BF /* Release */,
			);
			defaultConfigurationIsVisible = 0;
			defaultConfigurationName = Release;
		};
		744FF1FD1CE45EF0008F06BF /* Build configuration list for PBXNativeTarget "SimpleWord" */ = {
			isa = XCConfigurationList;
			buildConfigurations = (
				744FF1FE1CE45EF0008F06BF /* Debug */,
				744FF1FF1CE45EF0008F06BF /* Release */,
			);
			defaultConfigurationIsVisible = 0;
			defaultConfigurationName = Release;
		};
/* End XCConfigurationList section */
	};
	rootObject = 744FF1DE1CE45EF0008F06BF /* Project object */;
}
